
Microsoft Visual Studio Solution File, Format Version 12.00
# Visual Studio 15
VisualStudioVersion = 15.0.26730.16
MinimumVisualStudioVersion = 10.0.40219.1
Project("{FAE04EC0-301F-11D3-BF4B-00C04F79EFBC}") = "MyDiabetesAPI", "MyDiabetesAPI\MyDiabetesAPI.csproj", "{1B46B025-D1D4-4B13-B395-21EAA365E0D6}"
EndProject
Global
	GlobalSection(SolutionConfigurationPlatforms) = preSolution
		Debug|Any CPU = Debug|Any CPU
		Release|Any CPU = Release|Any CPU
	EndGlobalSection
	GlobalSection(ProjectConfigurationPlatforms) = postSolution
		{1B46B025-D1D4-4B13-B395-21EAA365E0D6}.Debug|Any CPU.ActiveCfg = Debug|Any CPU
		{1B46B025-D1D4-4B13-B395-21EAA365E0D6}.Debug|Any CPU.Build.0 = Debug|Any CPU
		{1B46B025-D1D4-4B13-B395-21EAA365E0D6}.Release|Any CPU.ActiveCfg = Release|Any CPU
		{1B46B025-D1D4-4B13-B395-21EAA365E0D6}.Release|Any CPU.Build.0 = Release|Any CPU
	EndGlobalSection
	GlobalSection(SolutionProperties) = preSolution
		HideSolutionNode = FALSE
	EndGlobalSection
	GlobalSection(ExtensibilityGlobals) = postSolution
		SolutionGuid = {7622693C-2D08-4343-9531-6D2B1598E56E}
	EndGlobalSection
EndGlobal
