
Microsoft Visual Studio Solution File, Format Version 12.00
# Visual Studio 15
VisualStudioVersion = 15.0.26730.16
MinimumVisualStudioVersion = 10.0.40219.1
Project("{262852C6-CD72-467D-83FE-5EEB1973A190}") = "SugarCube", "SugarCube\SugarCube.jsproj", "{F2DB60DB-8C8D-4849-A452-147479714999}"
EndProject
Global
	GlobalSection(SolutionConfigurationPlatforms) = preSolution
		Debug|Android = Debug|Android
		Debug|iOS = Debug|iOS
		Debug|Windows-ARM = Debug|Windows-ARM
		Debug|Windows-x64 = Debug|Windows-x64
		Debug|Windows-x86 = Debug|Windows-x86
		Release|Android = Release|Android
		Release|iOS = Release|iOS
		Release|Windows-ARM = Release|Windows-ARM
		Release|Windows-x64 = Release|Windows-x64
		Release|Windows-x86 = Release|Windows-x86
	EndGlobalSection
	GlobalSection(ProjectConfigurationPlatforms) = postSolution
		{F2DB60DB-8C8D-4849-A452-147479714999}.Debug|Android.ActiveCfg = Debug|Android
		{F2DB60DB-8C8D-4849-A452-147479714999}.Debug|Android.Build.0 = Debug|Android
		{F2DB60DB-8C8D-4849-A452-147479714999}.Debug|Android.Deploy.0 = Debug|Android
		{F2DB60DB-8C8D-4849-A452-147479714999}.Debug|iOS.ActiveCfg = Debug|iOS
		{F2DB60DB-8C8D-4849-A452-147479714999}.Debug|iOS.Build.0 = Debug|iOS
		{F2DB60DB-8C8D-4849-A452-147479714999}.Debug|iOS.Deploy.0 = Debug|iOS
		{F2DB60DB-8C8D-4849-A452-147479714999}.Debug|Windows-ARM.ActiveCfg = Debug|Windows-ARM
		{F2DB60DB-8C8D-4849-A452-147479714999}.Debug|Windows-ARM.Build.0 = Debug|Windows-ARM
		{F2DB60DB-8C8D-4849-A452-147479714999}.Debug|Windows-ARM.Deploy.0 = Debug|Windows-ARM
		{F2DB60DB-8C8D-4849-A452-147479714999}.Debug|Windows-x64.ActiveCfg = Debug|Windows-x64
		{F2DB60DB-8C8D-4849-A452-147479714999}.Debug|Windows-x64.Build.0 = Debug|Windows-x64
		{F2DB60DB-8C8D-4849-A452-147479714999}.Debug|Windows-x64.Deploy.0 = Debug|Windows-x64
		{F2DB60DB-8C8D-4849-A452-147479714999}.Debug|Windows-x86.ActiveCfg = Debug|Windows-x86
		{F2DB60DB-8C8D-4849-A452-147479714999}.Debug|Windows-x86.Build.0 = Debug|Windows-x86
		{F2DB60DB-8C8D-4849-A452-147479714999}.Debug|Windows-x86.Deploy.0 = Debug|Windows-x86
		{F2DB60DB-8C8D-4849-A452-147479714999}.Release|Android.ActiveCfg = Release|Android
		{F2DB60DB-8C8D-4849-A452-147479714999}.Release|Android.Build.0 = Release|Android
		{F2DB60DB-8C8D-4849-A452-147479714999}.Release|Android.Deploy.0 = Release|Android
		{F2DB60DB-8C8D-4849-A452-147479714999}.Release|iOS.ActiveCfg = Release|iOS
		{F2DB60DB-8C8D-4849-A452-147479714999}.Release|iOS.Build.0 = Release|iOS
		{F2DB60DB-8C8D-4849-A452-147479714999}.Release|iOS.Deploy.0 = Release|iOS
		{F2DB60DB-8C8D-4849-A452-147479714999}.Release|Windows-ARM.ActiveCfg = Release|Windows-ARM
		{F2DB60DB-8C8D-4849-A452-147479714999}.Release|Windows-ARM.Build.0 = Release|Windows-ARM
		{F2DB60DB-8C8D-4849-A452-147479714999}.Release|Windows-ARM.Deploy.0 = Release|Windows-ARM
		{F2DB60DB-8C8D-4849-A452-147479714999}.Release|Windows-x64.ActiveCfg = Release|Windows-x64
		{F2DB60DB-8C8D-4849-A452-147479714999}.Release|Windows-x64.Build.0 = Release|Windows-x64
		{F2DB60DB-8C8D-4849-A452-147479714999}.Release|Windows-x64.Deploy.0 = Release|Windows-x64
		{F2DB60DB-8C8D-4849-A452-147479714999}.Release|Windows-x86.ActiveCfg = Release|Windows-x86
		{F2DB60DB-8C8D-4849-A452-147479714999}.Release|Windows-x86.Build.0 = Release|Windows-x86
		{F2DB60DB-8C8D-4849-A452-147479714999}.Release|Windows-x86.Deploy.0 = Release|Windows-x86
	EndGlobalSection
	GlobalSection(SolutionProperties) = preSolution
		HideSolutionNode = FALSE
	EndGlobalSection
	GlobalSection(ExtensibilityGlobals) = postSolution
		SolutionGuid = {190C168E-CD7B-445F-9899-67FC2FD11978}
	EndGlobalSection
EndGlobal
